// !$*UTF8*$!
{
	archiveVersion = 1;
	classes = {
	};
	objectVersion = 50;
	objects = {

/* Begin PBXBuildFile section */
		F217EF6D21FAAFFD007528BD /* AppDelegate.swift in Sources */ = {isa = PBXBuildFile; fileRef = F217EF6C21FAAFFD007528BD /* AppDelegate.swift */; };
		F217EF6F21FAAFFD007528BD /* ViewController.swift in Sources */ = {isa = PBXBuildFile; fileRef = F217EF6E21FAAFFD007528BD /* ViewController.swift */; };
		F217EF7221FAAFFD007528BD /* Main.storyboard in Resources */ = {isa = PBXBuildFile; fileRef = F217EF7021FAAFFD007528BD /* Main.storyboard */; };
		F217EF7421FAAFFF007528BD /* Assets.xcassets in Resources */ = {isa = PBXBuildFile; fileRef = F217EF7321FAAFFF007528BD /* Assets.xcassets */; };
		F217EF7721FAAFFF007528BD /* LaunchScreen.storyboard in Resources */ = {isa = PBXBuildFile; fileRef = F217EF7521FAAFFF007528BD /* LaunchScreen.storyboard */; };
		F217EF9B21FAB028007528BD /* SliderView.xib in Resources */ = {isa = PBXBuildFile; fileRef = F217EF9A21FAB028007528BD /* SliderView.xib */; };
		F217EF9D21FAB04E007528BD /* SliderView.swift in Sources */ = {isa = PBXBuildFile; fileRef = F217EF9C21FAB04E007528BD /* SliderView.swift */; };
/* End PBXBuildFile section */

/* Begin PBXContainerItemProxy section */
		F217EF7E21FAAFFF007528BD /* PBXContainerItemProxy */ = {
			isa = PBXContainerItemProxy;
			containerPortal = F217EF6121FAAFFD007528BD /* Project object */;
			proxyType = 1;
			remoteGlobalIDString = F217EF6821FAAFFD007528BD;
			remoteInfo = Slider;
		};
		F217EF8921FAAFFF007528BD /* PBXContainerItemProxy */ = {
			isa = PBXContainerItemProxy;
			containerPortal = F217EF6121FAAFFD007528BD /* Project object */;
			proxyType = 1;
			remoteGlobalIDString = F217EF6821FAAFFD007528BD;
			remoteInfo = Slider;
		};
/* End PBXContainerItemProxy section */

/* Begin PBXFileReference section */
		F217EF6921FAAFFD007528BD /* Slider.app */ = {isa = PBXFileReference; explicitFileType = wrapper.application; includeInIndex = 0; path = Slider.app; sourceTree = BUILT_PRODUCTS_DIR; };
		F217EF6C21FAAFFD007528BD /* AppDelegate.swift */ = {isa = PBXFileReference; lastKnownFileType = sourcecode.swift; path = AppDelegate.swift; sourceTree = "<group>"; };
		F217EF6E21FAAFFD007528BD /* ViewController.swift */ = {isa = PBXFileReference; lastKnownFileType = sourcecode.swift; path = ViewController.swift; sourceTree = "<group>"; };
		F217EF7121FAAFFD007528BD /* Base */ = {isa = PBXFileReference; lastKnownFileType = file.storyboard; name = Base; path = Base.lproj/Main.storyboard; sourceTree = "<group>"; };
		F217EF7321FAAFFF007528BD /* Assets.xcassets */ = {isa = PBXFileReference; lastKnownFileType = folder.assetcatalog; path = Assets.xcassets; sourceTree = "<group>"; };
		F217EF7621FAAFFF007528BD /* Base */ = {isa = PBXFileReference; lastKnownFileType = file.storyboard; name = Base; path = Base.lproj/LaunchScreen.storyboard; sourceTree = "<group>"; };
		F217EF7821FAAFFF007528BD /* Info.plist */ = {isa = PBXFileReference; lastKnownFileType = text.plist.xml; path = Info.plist; sourceTree = "<group>"; };
		F217EF7D21FAAFFF007528BD /* SliderTests.xctest */ = {isa = PBXFileReference; explicitFileType = wrapper.cfbundle; includeInIndex = 0; path = SliderTests.xctest; sourceTree = BUILT_PRODUCTS_DIR; };
		F217EF8821FAAFFF007528BD /* SliderUITests.xctest */ = {isa = PBXFileReference; explicitFileType = wrapper.cfbundle; includeInIndex = 0; path = SliderUITests.xctest; sourceTree = BUILT_PRODUCTS_DIR; };
		F217EF9A21FAB028007528BD /* SliderView.xib */ = {isa = PBXFileReference; lastKnownFileType = file.xib; path = SliderView.xib; sourceTree = "<group>"; };
		F217EF9C21FAB04E007528BD /* SliderView.swift */ = {isa = PBXFileReference; lastKnownFileType = sourcecode.swift; path = SliderView.swift; sourceTree = "<group>"; };
/* End PBXFileReference section */

/* Begin PBXFrameworksBuildPhase section */
		F217EF6621FAAFFD007528BD /* Frameworks */ = {
			isa = PBXFrameworksBuildPhase;
			buildActionMask = 2147483647;
			files = (
			);
			runOnlyForDeploymentPostprocessing = 0;
		};
		F217EF7A21FAAFFF007528BD /* Frameworks */ = {
			isa = PBXFrameworksBuildPhase;
			buildActionMask = 2147483647;
			files = (
			);
			runOnlyForDeploymentPostprocessing = 0;
		};
		F217EF8521FAAFFF007528BD /* Frameworks */ = {
			isa = PBXFrameworksBuildPhase;
			buildActionMask = 2147483647;
			files = (
			);
			runOnlyForDeploymentPostprocessing = 0;
		};
/* End PBXFrameworksBuildPhase section */

/* Begin PBXGroup section */
		F217EF6021FAAFFD007528BD = {
			isa = PBXGroup;
			children = (
				F217EF6B21FAAFFD007528BD /* Slider */,
				F217EF6A21FAAFFD007528BD /* Products */,
			);
			sourceTree = "<group>";
		};
		F217EF6A21FAAFFD007528BD /* Products */ = {
			isa = PBXGroup;
			children = (
				F217EF6921FAAFFD007528BD /* Slider.app */,
				F217EF7D21FAAFFF007528BD /* SliderTests.xctest */,
				F217EF8821FAAFFF007528BD /* SliderUITests.xctest */,
			);
			name = Products;
			sourceTree = "<group>";
		};
		F217EF6B21FAAFFD007528BD /* Slider */ = {
			isa = PBXGroup;
			children = (
				F217EF6C21FAAFFD007528BD /* AppDelegate.swift */,
				F217EF6E21FAAFFD007528BD /* ViewController.swift */,
				F217EF7021FAAFFD007528BD /* Main.storyboard */,
				F217EF7321FAAFFF007528BD /* Assets.xcassets */,
				F217EF7521FAAFFF007528BD /* LaunchScreen.storyboard */,
				F217EF7821FAAFFF007528BD /* Info.plist */,
				F217EF9A21FAB028007528BD /* SliderView.xib */,
				F217EF9C21FAB04E007528BD /* SliderView.swift */,
			);
			path = Slider;
			sourceTree = "<group>";
		};
/* End PBXGroup section */

/* Begin PBXNativeTarget section */
		F217EF6821FAAFFD007528BD /* Slider */ = {
			isa = PBXNativeTarget;
			buildConfigurationList = F217EF9121FAAFFF007528BD /* Build configuration list for PBXNativeTarget "Slider" */;
			buildPhases = (
				F217EF6521FAAFFD007528BD /* Sources */,
				F217EF6621FAAFFD007528BD /* Frameworks */,
				F217EF6721FAAFFD007528BD /* Resources */,
			);
			buildRules = (
			);
			dependencies = (
			);
			name = Slider;
			productName = Slider;
			productReference = F217EF6921FAAFFD007528BD /* Slider.app */;
			productType = "com.apple.product-type.application";
		};
		F217EF7C21FAAFFF007528BD /* SliderTests */ = {
			isa = PBXNativeTarget;
			buildConfigurationList = F217EF9421FAAFFF007528BD /* Build configuration list for PBXNativeTarget "SliderTests" */;
			buildPhases = (
				F217EF7921FAAFFF007528BD /* Sources */,
				F217EF7A21FAAFFF007528BD /* Frameworks */,
				F217EF7B21FAAFFF007528BD /* Resources */,
			);
			buildRules = (
			);
			dependencies = (
				F217EF7F21FAAFFF007528BD /* PBXTargetDependency */,
			);
			name = SliderTests;
			productName = SliderTests;
			productReference = F217EF7D21FAAFFF007528BD /* SliderTests.xctest */;
			productType = "com.apple.product-type.bundle.unit-test";
		};
		F217EF8721FAAFFF007528BD /* SliderUITests */ = {
			isa = PBXNativeTarget;
			buildConfigurationList = F217EF9721FAAFFF007528BD /* Build configuration list for PBXNativeTarget "SliderUITests" */;
			buildPhases = (
				F217EF8421FAAFFF007528BD /* Sources */,
				F217EF8521FAAFFF007528BD /* Frameworks */,
				F217EF8621FAAFFF007528BD /* Resources */,
			);
			buildRules = (
			);
			dependencies = (
				F217EF8A21FAAFFF007528BD /* PBXTargetDependency */,
			);
			name = SliderUITests;
			productName = SliderUITests;
			productReference = F217EF8821FAAFFF007528BD /* SliderUITests.xctest */;
			productType = "com.apple.product-type.bundle.ui-testing";
		};
/* End PBXNativeTarget section */

/* Begin PBXProject section */
		F217EF6121FAAFFD007528BD /* Project object */ = {
			isa = PBXProject;
			attributes = {
				LastSwiftUpdateCheck = 1010;
				LastUpgradeCheck = 1010;
				ORGANIZATIONNAME = "유영문";
				TargetAttributes = {
					F217EF6821FAAFFD007528BD = {
						CreatedOnToolsVersion = 10.1;
					};
					F217EF7C21FAAFFF007528BD = {
						CreatedOnToolsVersion = 10.1;
						TestTargetID = F217EF6821FAAFFD007528BD;
					};
					F217EF8721FAAFFF007528BD = {
						CreatedOnToolsVersion = 10.1;
						TestTargetID = F217EF6821FAAFFD007528BD;
					};
				};
			};
			buildConfigurationList = F217EF6421FAAFFD007528BD /* Build configuration list for PBXProject "Slider" */;
			compatibilityVersion = "Xcode 9.3";
			developmentRegion = en;
			hasScannedForEncodings = 0;
			knownRegions = (
				en,
				Base,
			);
			mainGroup = F217EF6021FAAFFD007528BD;
			productRefGroup = F217EF6A21FAAFFD007528BD /* Products */;
			projectDirPath = "";
			projectRoot = "";
			targets = (
				F217EF6821FAAFFD007528BD /* Slider */,
				F217EF7C21FAAFFF007528BD /* SliderTests */,
				F217EF8721FAAFFF007528BD /* SliderUITests */,
			);
		};
/* End PBXProject section */

/* Begin PBXResourcesBuildPhase section */
		F217EF6721FAAFFD007528BD /* Resources */ = {
			isa = PBXResourcesBuildPhase;
			buildActionMask = 2147483647;
			files = (
				F217EF7721FAAFFF007528BD /* LaunchScreen.storyboard in Resources */,
				F217EF9B21FAB028007528BD /* SliderView.xib in Resources */,
				F217EF7421FAAFFF007528BD /* Assets.xcassets in Resources */,
				F217EF7221FAAFFD007528BD /* Main.storyboard in Resources */,
			);
			runOnlyForDeploymentPostprocessing = 0;
		};
		F217EF7B21FAAFFF007528BD /* Resources */ = {
			isa = PBXResourcesBuildPhase;
			buildActionMask = 2147483647;
			files = (
			);
			runOnlyForDeploymentPostprocessing = 0;
		};
		F217EF8621FAAFFF007528BD /* Resources */ = {
			isa = PBXResourcesBuildPhase;
			buildActionMask = 2147483647;
			files = (
			);
			runOnlyForDeploymentPostprocessing = 0;
		};
/* End PBXResourcesBuildPhase section */

/* Begin PBXSourcesBuildPhase section */
		F217EF6521FAAFFD007528BD /* Sources */ = {
			isa = PBXSourcesBuildPhase;
			buildActionMask = 2147483647;
			files = (
				F217EF9D21FAB04E007528BD /* SliderView.swift in Sources */,
				F217EF6F21FAAFFD007528BD /* ViewController.swift in Sources */,
				F217EF6D21FAAFFD007528BD /* AppDelegate.swift in Sources */,
			);
			runOnlyForDeploymentPostprocessing = 0;
		};
		F217EF7921FAAFFF007528BD /* Sources */ = {
			isa = PBXSourcesBuildPhase;
			buildActionMask = 2147483647;
			files = (
			);
			runOnlyForDeploymentPostprocessing = 0;
		};
		F217EF8421FAAFFF007528BD /* Sources */ = {
			isa = PBXSourcesBuildPhase;
			buildActionMask = 2147483647;
			files = (
			);
			runOnlyForDeploymentPostprocessing = 0;
		};
/* End PBXSourcesBuildPhase section */

/* Begin PBXTargetDependency section */
		F217EF7F21FAAFFF007528BD /* PBXTargetDependency */ = {
			isa = PBXTargetDependency;
			target = F217EF6821FAAFFD007528BD /* Slider */;
			targetProxy = F217EF7E21FAAFFF007528BD /* PBXContainerItemProxy */;
		};
		F217EF8A21FAAFFF007528BD /* PBXTargetDependency */ = {
			isa = PBXTargetDependency;
			target = F217EF6821FAAFFD007528BD /* Slider */;
			targetProxy = F217EF8921FAAFFF007528BD /* PBXContainerItemProxy */;
		};
/* End PBXTargetDependency section */

/* Begin PBXVariantGroup section */
		F217EF7021FAAFFD007528BD /* Main.storyboard */ = {
			isa = PBXVariantGroup;
			children = (
				F217EF7121FAAFFD007528BD /* Base */,
			);
			name = Main.storyboard;
			sourceTree = "<group>";
		};
		F217EF7521FAAFFF007528BD /* LaunchScreen.storyboard */ = {
			isa = PBXVariantGroup;
			children = (
				F217EF7621FAAFFF007528BD /* Base */,
			);
			name = LaunchScreen.storyboard;
			sourceTree = "<group>";
		};
/* End PBXVariantGroup section */

/* Begin XCBuildConfiguration section */
		F217EF8F21FAAFFF007528BD /* Debug */ = {
			isa = XCBuildConfiguration;
			buildSettings = {
				ALWAYS_SEARCH_USER_PATHS = NO;
				CLANG_ANALYZER_NONNULL = YES;
				CLANG_ANALYZER_NUMBER_OBJECT_CONVERSION = YES_AGGRESSIVE;
				CLANG_CXX_LANGUAGE_STANDARD = "gnu++14";
				CLANG_CXX_LIBRARY = "libc++";
				CLANG_ENABLE_MODULES = YES;
				CLANG_ENABLE_OBJC_ARC = YES;
				CLANG_ENABLE_OBJC_WEAK = YES;
				CLANG_WARN_BLOCK_CAPTURE_AUTORELEASING = YES;
				CLANG_WARN_BOOL_CONVERSION = YES;
				CLANG_WARN_COMMA = YES;
				CLANG_WARN_CONSTANT_CONVERSION = YES;
				CLANG_WARN_DEPRECATED_OBJC_IMPLEMENTATIONS = YES;
				CLANG_WARN_DIRECT_OBJC_ISA_USAGE = YES_ERROR;
				CLANG_WARN_DOCUMENTATION_COMMENTS = YES;
				CLANG_WARN_EMPTY_BODY = YES;
				CLANG_WARN_ENUM_CONVERSION = YES;
				CLANG_WARN_INFINITE_RECURSION = YES;
				CLANG_WARN_INT_CONVERSION = YES;
				CLANG_WARN_NON_LITERAL_NULL_CONVERSION = YES;
				CLANG_WARN_OBJC_IMPLICIT_RETAIN_SELF = YES;
				CLANG_WARN_OBJC_LITERAL_CONVERSION = YES;
				CLANG_WARN_OBJC_ROOT_CLASS = YES_ERROR;
				CLANG_WARN_RANGE_LOOP_ANALYSIS = YES;
				CLANG_WARN_STRICT_PROTOTYPES = YES;
				CLANG_WARN_SUSPICIOUS_MOVE = YES;
				CLANG_WARN_UNGUARDED_AVAILABILITY = YES_AGGRESSIVE;
				CLANG_WARN_UNREACHABLE_CODE = YES;
				CLANG_WARN__DUPLICATE_METHOD_MATCH = YES;
				CODE_SIGN_IDENTITY = "iPhone Developer";
				COPY_PHASE_STRIP = NO;
				DEBUG_INFORMATION_FORMAT = dwarf;
				ENABLE_STRICT_OBJC_MSGSEND = YES;
				ENABLE_TESTABILITY = YES;
				GCC_C_LANGUAGE_STANDARD = gnu11;
				GCC_DYNAMIC_NO_PIC = NO;
				GCC_NO_COMMON_BLOCKS = YES;
				GCC_OPTIMIZATION_LEVEL = 0;
				GCC_PREPROCESSOR_DEFINITIONS = (
					"DEBUG=1",
					"$(inherited)",
				);
				GCC_WARN_64_TO_32_BIT_CONVERSION = YES;
				GCC_WARN_ABOUT_RETURN_TYPE = YES_ERROR;
				GCC_WARN_UNDECLARED_SELECTOR = YES;
				GCC_WARN_UNINITIALIZED_AUTOS = YES_AGGRESSIVE;
				GCC_WARN_UNUSED_FUNCTION = YES;
				GCC_WARN_UNUSED_VARIABLE = YES;
				IPHONEOS_DEPLOYMENT_TARGET = 12.1;
				MTL_ENABLE_DEBUG_INFO = INCLUDE_SOURCE;
				MTL_FAST_MATH = YES;
				ONLY_ACTIVE_ARCH = YES;
				SDKROOT = iphoneos;
				SWIFT_ACTIVE_COMPILATION_CONDITIONS = DEBUG;
				SWIFT_OPTIMIZATION_LEVEL = "-Onone";
			};
			name = Debug;
		};
		F217EF9021FAAFFF007528BD /* Release */ = {
			isa = XCBuildConfiguration;
			buildSettings = {
				ALWAYS_SEARCH_USER_PATHS = NO;
				CLANG_ANALYZER_NONNULL = YES;
				CLANG_ANALYZER_NUMBER_OBJECT_CONVERSION = YES_AGGRESSIVE;
				CLANG_CXX_LANGUAGE_STANDARD = "gnu++14";
				CLANG_CXX_LIBRARY = "libc++";
				CLANG_ENABLE_MODULES = YES;
				CLANG_ENABLE_OBJC_ARC = YES;
				CLANG_ENABLE_OBJC_WEAK = YES;
				CLANG_WARN_BLOCK_CAPTURE_AUTORELEASING = YES;
				CLANG_WARN_BOOL_CONVERSION = YES;
				CLANG_WARN_COMMA = YES;
				CLANG_WARN_CONSTANT_CONVERSION = YES;
				CLANG_WARN_DEPRECATED_OBJC_IMPLEMENTATIONS = YES;
				CLANG_WARN_DIRECT_OBJC_ISA_USAGE = YES_ERROR;
				CLANG_WARN_DOCUMENTATION_COMMENTS = YES;
				CLANG_WARN_EMPTY_BODY = YES;
				CLANG_WARN_ENUM_CONVERSION = YES;
				CLANG_WARN_INFINITE_RECURSION = YES;
				CLANG_WARN_INT_CONVERSION = YES;
				CLANG_WARN_NON_LITERAL_NULL_CONVERSION = YES;
				CLANG_WARN_OBJC_IMPLICIT_RETAIN_SELF = YES;
				CLANG_WARN_OBJC_LITERAL_CONVERSION = YES;
				CLANG_WARN_OBJC_ROOT_CLASS = YES_ERROR;
				CLANG_WARN_RANGE_LOOP_ANALYSIS = YES;
				CLANG_WARN_STRICT_PROTOTYPES = YES;
				CLANG_WARN_SUSPICIOUS_MOVE = YES;
				CLANG_WARN_UNGUARDED_AVAILABILITY = YES_AGGRESSIVE;
				CLANG_WARN_UNREACHABLE_CODE = YES;
				CLANG_WARN__DUPLICATE_METHOD_MATCH = YES;
				CODE_SIGN_IDENTITY = "iPhone Developer";
				COPY_PHASE_STRIP = NO;
				DEBUG_INFORMATION_FORMAT = "dwarf-with-dsym";
				ENABLE_NS_ASSERTIONS = NO;
				ENABLE_STRICT_OBJC_MSGSEND = YES;
				GCC_C_LANGUAGE_STANDARD = gnu11;
				GCC_NO_COMMON_BLOCKS = YES;
				GCC_WARN_64_TO_32_BIT_CONVERSION = YES;
				GCC_WARN_ABOUT_RETURN_TYPE = YES_ERROR;
				GCC_WARN_UNDECLARED_SELECTOR = YES;
				GCC_WARN_UNINITIALIZED_AUTOS = YES_AGGRESSIVE;
				GCC_WARN_UNUSED_FUNCTION = YES;
				GCC_WARN_UNUSED_VARIABLE = YES;
				IPHONEOS_DEPLOYMENT_TARGET = 12.1;
				MTL_ENABLE_DEBUG_INFO = NO;
				MTL_FAST_MATH = YES;
				SDKROOT = iphoneos;
				SWIFT_COMPILATION_MODE = wholemodule;
				SWIFT_OPTIMIZATION_LEVEL = "-O";
				VALIDATE_PRODUCT = YES;
			};
			name = Release;
		};
		F217EF9221FAAFFF007528BD /* Debug */ = {
			isa = XCBuildConfiguration;
			buildSettings = {
				ASSETCATALOG_COMPILER_APPICON_NAME = AppIcon;
				CODE_SIGN_STYLE = Automatic;
				DEVELOPMENT_TEAM = W64A9C6XQ3;
				INFOPLIST_FILE = Slider/Info.plist;
				LD_RUNPATH_SEARCH_PATHS = (
					"$(inherited)",
					"@executable_path/Frameworks",
				);
				PRODUCT_BUNDLE_IDENTIFIER = kr.co.Slider;
				PRODUCT_NAME = "$(TARGET_NAME)";
				SWIFT_VERSION = 4.2;
				TARGETED_DEVICE_FAMILY = "1,2";
			};
			name = Debug;
		};
		F217EF9321FAAFFF007528BD /* Release */ = {
			isa = XCBuildConfiguration;
			buildSettings = {
				ASSETCATALOG_COMPILER_APPICON_NAME = AppIcon;
				CODE_SIGN_STYLE = Automatic;
				DEVELOPMENT_TEAM = W64A9C6XQ3;
				INFOPLIST_FILE = Slider/Info.plist;
				LD_RUNPATH_SEARCH_PATHS = (
					"$(inherited)",
					"@executable_path/Frameworks",
				);
				PRODUCT_BUNDLE_IDENTIFIER = kr.co.Slider;
				PRODUCT_NAME = "$(TARGET_NAME)";
				SWIFT_VERSION = 4.2;
				TARGETED_DEVICE_FAMILY = "1,2";
			};
			name = Release;
		};
		F217EF9521FAAFFF007528BD /* Debug */ = {
			isa = XCBuildConfiguration;
			buildSettings = {
				ALWAYS_EMBED_SWIFT_STANDARD_LIBRARIES = YES;
				BUNDLE_LOADER = "$(TEST_HOST)";
				CODE_SIGN_STYLE = Automatic;
				DEVELOPMENT_TEAM = W64A9C6XQ3;
				INFOPLIST_FILE = SliderTests/Info.plist;
				LD_RUNPATH_SEARCH_PATHS = (
					"$(inherited)",
					"@executable_path/Frameworks",
					"@loader_path/Frameworks",
				);
				PRODUCT_BUNDLE_IDENTIFIER = kr.co.SliderTests;
				PRODUCT_NAME = "$(TARGET_NAME)";
				SWIFT_VERSION = 4.2;
				TARGETED_DEVICE_FAMILY = "1,2";
				TEST_HOST = "$(BUILT_PRODUCTS_DIR)/Slider.app/Slider";
			};
			name = Debug;
		};
		F217EF9621FAAFFF007528BD /* Release */ = {
			isa = XCBuildConfiguration;
			buildSettings = {
				ALWAYS_EMBED_SWIFT_STANDARD_LIBRARIES = YES;
				BUNDLE_LOADER = "$(TEST_HOST)";
				CODE_SIGN_STYLE = Automatic;
				DEVELOPMENT_TEAM = W64A9C6XQ3;
				INFOPLIST_FILE = SliderTests/Info.plist;
				LD_RUNPATH_SEARCH_PATHS = (
					"$(inherited)",
					"@executable_path/Frameworks",
					"@loader_path/Frameworks",
				);
				PRODUCT_BUNDLE_IDENTIFIER = kr.co.SliderTests;
				PRODUCT_NAME = "$(TARGET_NAME)";
				SWIFT_VERSION = 4.2;
				TARGETED_DEVICE_FAMILY = "1,2";
				TEST_HOST = "$(BUILT_PRODUCTS_DIR)/Slider.app/Slider";
			};
			name = Release;
		};
		F217EF9821FAAFFF007528BD /* Debug */ = {
			isa = XCBuildConfiguration;
			buildSettings = {
				ALWAYS_EMBED_SWIFT_STANDARD_LIBRARIES = YES;
				CODE_SIGN_STYLE = Automatic;
				DEVELOPMENT_TEAM = W64A9C6XQ3;
				INFOPLIST_FILE = SliderUITests/Info.plist;
				LD_RUNPATH_SEARCH_PATHS = (
					"$(inherited)",
					"@executable_path/Frameworks",
					"@loader_path/Frameworks",
				);
				PRODUCT_BUNDLE_IDENTIFIER = kr.co.SliderUITests;
				PRODUCT_NAME = "$(TARGET_NAME)";
				SWIFT_VERSION = 4.2;
				TARGETED_DEVICE_FAMILY = "1,2";
				TEST_TARGET_NAME = Slider;
			};
			name = Debug;
		};
		F217EF9921FAAFFF007528BD /* Release */ = {
			isa = XCBuildConfiguration;
			buildSettings = {
				ALWAYS_EMBED_SWIFT_STANDARD_LIBRARIES = YES;
				CODE_SIGN_STYLE = Automatic;
				DEVELOPMENT_TEAM = W64A9C6XQ3;
				INFOPLIST_FILE = SliderUITests/Info.plist;
				LD_RUNPATH_SEARCH_PATHS = (
					"$(inherited)",
					"@executable_path/Frameworks",
					"@loader_path/Frameworks",
				);
				PRODUCT_BUNDLE_IDENTIFIER = kr.co.SliderUITests;
				PRODUCT_NAME = "$(TARGET_NAME)";
				SWIFT_VERSION = 4.2;
				TARGETED_DEVICE_FAMILY = "1,2";
				TEST_TARGET_NAME = Slider;
			};
			name = Release;
		};
/* End XCBuildConfiguration section */

/* Begin XCConfigurationList section */
		F217EF6421FAAFFD007528BD /* Build configuration list for PBXProject "Slider" */ = {
			isa = XCConfigurationList;
			buildConfigurations = (
				F217EF8F21FAAFFF007528BD /* Debug */,
				F217EF9021FAAFFF007528BD /* Release */,
			);
			defaultConfigurationIsVisible = 0;
			defaultConfigurationName = Release;
		};
		F217EF9121FAAFFF007528BD /* Build configuration list for PBXNativeTarget "Slider" */ = {
			isa = XCConfigurationList;
			buildConfigurations = (
				F217EF9221FAAFFF007528BD /* Debug */,
				F217EF9321FAAFFF007528BD /* Release */,
			);
			defaultConfigurationIsVisible = 0;
			defaultConfigurationName = Release;
		};
		F217EF9421FAAFFF007528BD /* Build configuration list for PBXNativeTarget "SliderTests" */ = {
			isa = XCConfigurationList;
			buildConfigurations = (
				F217EF9521FAAFFF007528BD /* Debug */,
				F217EF9621FAAFFF007528BD /* Release */,
			);
			defaultConfigurationIsVisible = 0;
			defaultConfigurationName = Release;
		};
		F217EF9721FAAFFF007528BD /* Build configuration list for PBXNativeTarget "SliderUITests" */ = {
			isa = XCConfigurationList;
			buildConfigurations = (
				F217EF9821FAAFFF007528BD /* Debug */,
				F217EF9921FAAFFF007528BD /* Release */,
			);
			defaultConfigurationIsVisible = 0;
			defaultConfigurationName = Release;
		};
/* End XCConfigurationList section */
	};
	rootObject = F217EF6121FAAFFD007528BD /* Project object */;
}
